
Microsoft Visual Studio Solution File, Format Version 12.00
# Visual Studio 15
VisualStudioVersion = 15.0.28307.329
MinimumVisualStudioVersion = 10.0.40219.1
Project("{FAE04EC0-301F-11D3-BF4B-00C04F79EFBC}") = "lesson3", "lesson1\lesson3.csproj", "{FCBD2382-069E-4F56-B06D-F7131349349C}"
EndProject
Global
	GlobalSection(SolutionConfigurationPlatforms) = preSolution
		Debug|Any CPU = Debug|Any CPU
		Release|Any CPU = Release|Any CPU
	EndGlobalSection
	GlobalSection(ProjectConfigurationPlatforms) = postSolution
		{FCBD2382-069E-4F56-B06D-F7131349349C}.Debug|Any CPU.ActiveCfg = Debug|Any CPU
		{FCBD2382-069E-4F56-B06D-F7131349349C}.Debug|Any CPU.Build.0 = Debug|Any CPU
		{FCBD2382-069E-4F56-B06D-F7131349349C}.Release|Any CPU.ActiveCfg = Release|Any CPU
		{FCBD2382-069E-4F56-B06D-F7131349349C}.Release|Any CPU.Build.0 = Release|Any CPU
	EndGlobalSection
	GlobalSection(SolutionProperties) = preSolution
		HideSolutionNode = FALSE
	EndGlobalSection
	GlobalSection(ExtensibilityGlobals) = postSolution
		SolutionGuid = {626E693A-AA3D-4A3F-89CA-B835ABB89749}
	EndGlobalSection
EndGlobal
